
Microsoft Visual Studio Solution File, Format Version 12.00
# Visual Studio 15
VisualStudioVersion = 15.0.28307.168
MinimumVisualStudioVersion = 10.0.40219.1
Project("{FAE04EC0-301F-11D3-BF4B-00C04F79EFBC}") = "Portal.Website", "Portal.Website\Portal.Website.csproj", "{C7DF8FE0-1656-4EC4-8E7B-DD641D380CF2}"
EndProject
Project("{FAE04EC0-301F-11D3-BF4B-00C04F79EFBC}") = "Portal", "Portal\Portal.csproj", "{D6D00894-BE74-4A56-9968-FAAB1C151DC2}"
EndProject
Project("{FAE04EC0-301F-11D3-BF4B-00C04F79EFBC}") = "Portal.Tests", "Portal.Tests\Portal.Tests.csproj", "{B22B7D51-F9D2-4727-9648-542B2B29A155}"
EndProject
Global
	GlobalSection(SolutionConfigurationPlatforms) = preSolution
		Debug|Any CPU = Debug|Any CPU
		Release|Any CPU = Release|Any CPU
	EndGlobalSection
	GlobalSection(ProjectConfigurationPlatforms) = postSolution
		{C7DF8FE0-1656-4EC4-8E7B-DD641D380CF2}.Debug|Any CPU.ActiveCfg = Debug|Any CPU
		{C7DF8FE0-1656-4EC4-8E7B-DD641D380CF2}.Debug|Any CPU.Build.0 = Debug|Any CPU
		{C7DF8FE0-1656-4EC4-8E7B-DD641D380CF2}.Release|Any CPU.ActiveCfg = Release|Any CPU
		{C7DF8FE0-1656-4EC4-8E7B-DD641D380CF2}.Release|Any CPU.Build.0 = Release|Any CPU
		{D6D00894-BE74-4A56-9968-FAAB1C151DC2}.Debug|Any CPU.ActiveCfg = Debug|Any CPU
		{D6D00894-BE74-4A56-9968-FAAB1C151DC2}.Debug|Any CPU.Build.0 = Debug|Any CPU
		{D6D00894-BE74-4A56-9968-FAAB1C151DC2}.Release|Any CPU.ActiveCfg = Release|Any CPU
		{D6D00894-BE74-4A56-9968-FAAB1C151DC2}.Release|Any CPU.Build.0 = Release|Any CPU
		{B22B7D51-F9D2-4727-9648-542B2B29A155}.Debug|Any CPU.ActiveCfg = Debug|Any CPU
		{B22B7D51-F9D2-4727-9648-542B2B29A155}.Debug|Any CPU.Build.0 = Debug|Any CPU
		{B22B7D51-F9D2-4727-9648-542B2B29A155}.Release|Any CPU.ActiveCfg = Release|Any CPU
		{B22B7D51-F9D2-4727-9648-542B2B29A155}.Release|Any CPU.Build.0 = Release|Any CPU
	EndGlobalSection
	GlobalSection(SolutionProperties) = preSolution
		HideSolutionNode = FALSE
	EndGlobalSection
	GlobalSection(ExtensibilityGlobals) = postSolution
		SolutionGuid = {AE022AA4-031A-49F8-A2C1-3EE47F03B485}
	EndGlobalSection
EndGlobal
