
Microsoft Visual Studio Solution File, Format Version 12.00
# Visual Studio 15
VisualStudioVersion = 15.0.28010.0
MinimumVisualStudioVersion = 10.0.40219.1
Project("{FAE04EC0-301F-11D3-BF4B-00C04F79EFBC}") = "Portal.Website", "Portal.Website\Portal.Website.csproj", "{1E461197-3EC5-4445-A3EF-53F1CC02F963}"
EndProject
Project("{FAE04EC0-301F-11D3-BF4B-00C04F79EFBC}") = "Portal", "Portal\Portal.csproj", "{039723AB-0BE4-4BCA-B324-72CA19AB7862}"
EndProject
Project("{FAE04EC0-301F-11D3-BF4B-00C04F79EFBC}") = "Portal.Testing", "Portal.Testing\Portal.Testing.csproj", "{1372534B-4ACF-4C52-9750-DDDA3445BA7E}"
EndProject
Project("{FAE04EC0-301F-11D3-BF4B-00C04F79EFBC}") = "Portal.Requests", "Portal.Requests\Portal.Requests.csproj", "{DC2ED6BE-2F0E-4308-956E-B35AFF8C8A25}"
EndProject
Global
	GlobalSection(SolutionConfigurationPlatforms) = preSolution
		Debug|Any CPU = Debug|Any CPU
		Release|Any CPU = Release|Any CPU
	EndGlobalSection
	GlobalSection(ProjectConfigurationPlatforms) = postSolution
		{1E461197-3EC5-4445-A3EF-53F1CC02F963}.Debug|Any CPU.ActiveCfg = Debug|Any CPU
		{1E461197-3EC5-4445-A3EF-53F1CC02F963}.Debug|Any CPU.Build.0 = Debug|Any CPU
		{1E461197-3EC5-4445-A3EF-53F1CC02F963}.Release|Any CPU.ActiveCfg = Release|Any CPU
		{1E461197-3EC5-4445-A3EF-53F1CC02F963}.Release|Any CPU.Build.0 = Release|Any CPU
		{039723AB-0BE4-4BCA-B324-72CA19AB7862}.Debug|Any CPU.ActiveCfg = Debug|Any CPU
		{039723AB-0BE4-4BCA-B324-72CA19AB7862}.Debug|Any CPU.Build.0 = Debug|Any CPU
		{039723AB-0BE4-4BCA-B324-72CA19AB7862}.Release|Any CPU.ActiveCfg = Release|Any CPU
		{039723AB-0BE4-4BCA-B324-72CA19AB7862}.Release|Any CPU.Build.0 = Release|Any CPU
		{1372534B-4ACF-4C52-9750-DDDA3445BA7E}.Debug|Any CPU.ActiveCfg = Debug|Any CPU
		{1372534B-4ACF-4C52-9750-DDDA3445BA7E}.Debug|Any CPU.Build.0 = Debug|Any CPU
		{1372534B-4ACF-4C52-9750-DDDA3445BA7E}.Release|Any CPU.ActiveCfg = Release|Any CPU
		{1372534B-4ACF-4C52-9750-DDDA3445BA7E}.Release|Any CPU.Build.0 = Release|Any CPU
		{DC2ED6BE-2F0E-4308-956E-B35AFF8C8A25}.Debug|Any CPU.ActiveCfg = Debug|Any CPU
		{DC2ED6BE-2F0E-4308-956E-B35AFF8C8A25}.Debug|Any CPU.Build.0 = Debug|Any CPU
		{DC2ED6BE-2F0E-4308-956E-B35AFF8C8A25}.Release|Any CPU.ActiveCfg = Release|Any CPU
		{DC2ED6BE-2F0E-4308-956E-B35AFF8C8A25}.Release|Any CPU.Build.0 = Release|Any CPU
	EndGlobalSection
	GlobalSection(SolutionProperties) = preSolution
		HideSolutionNode = FALSE
	EndGlobalSection
	GlobalSection(ExtensibilityGlobals) = postSolution
		SolutionGuid = {78DBA9C8-AF06-40C2-B272-8F9CEAB220C1}
	EndGlobalSection
EndGlobal
