
Microsoft Visual Studio Solution File, Format Version 12.00
# Visual Studio 15
VisualStudioVersion = 15.0.28307.168
MinimumVisualStudioVersion = 10.0.40219.1
Project("{FAE04EC0-301F-11D3-BF4B-00C04F79EFBC}") = "Portal.Website", "Portal.Website\Portal.Website.csproj", "{4694689B-9542-4302-AFC8-E00FD7E8FE28}"
EndProject
Project("{FAE04EC0-301F-11D3-BF4B-00C04F79EFBC}") = "Portal.Website.Tests", "Portal.Website.Tests\Portal.Website.Tests.csproj", "{367E20E7-5144-498D-A3DE-5FBDD4ED1B45}"
EndProject
Project("{FAE04EC0-301F-11D3-BF4B-00C04F79EFBC}") = "Portal", "Portal\Portal.csproj", "{03F15FA2-3CF4-4C03-AF6D-8DCDA4722E67}"
EndProject
Project("{FAE04EC0-301F-11D3-BF4B-00C04F79EFBC}") = "Portal.App.Portal", "Portal.App.Portal\Portal.App.Portal.csproj", "{49B7146C-DBA4-4242-BDD8-D0407D709974}"
EndProject
Global
	GlobalSection(SolutionConfigurationPlatforms) = preSolution
		Debug|Any CPU = Debug|Any CPU
		Release|Any CPU = Release|Any CPU
	EndGlobalSection
	GlobalSection(ProjectConfigurationPlatforms) = postSolution
		{4694689B-9542-4302-AFC8-E00FD7E8FE28}.Debug|Any CPU.ActiveCfg = Debug|Any CPU
		{4694689B-9542-4302-AFC8-E00FD7E8FE28}.Debug|Any CPU.Build.0 = Debug|Any CPU
		{4694689B-9542-4302-AFC8-E00FD7E8FE28}.Release|Any CPU.ActiveCfg = Release|Any CPU
		{4694689B-9542-4302-AFC8-E00FD7E8FE28}.Release|Any CPU.Build.0 = Release|Any CPU
		{367E20E7-5144-498D-A3DE-5FBDD4ED1B45}.Debug|Any CPU.ActiveCfg = Debug|Any CPU
		{367E20E7-5144-498D-A3DE-5FBDD4ED1B45}.Debug|Any CPU.Build.0 = Debug|Any CPU
		{367E20E7-5144-498D-A3DE-5FBDD4ED1B45}.Release|Any CPU.ActiveCfg = Release|Any CPU
		{367E20E7-5144-498D-A3DE-5FBDD4ED1B45}.Release|Any CPU.Build.0 = Release|Any CPU
		{03F15FA2-3CF4-4C03-AF6D-8DCDA4722E67}.Debug|Any CPU.ActiveCfg = Debug|Any CPU
		{03F15FA2-3CF4-4C03-AF6D-8DCDA4722E67}.Debug|Any CPU.Build.0 = Debug|Any CPU
		{03F15FA2-3CF4-4C03-AF6D-8DCDA4722E67}.Release|Any CPU.ActiveCfg = Release|Any CPU
		{03F15FA2-3CF4-4C03-AF6D-8DCDA4722E67}.Release|Any CPU.Build.0 = Release|Any CPU
		{49B7146C-DBA4-4242-BDD8-D0407D709974}.Debug|Any CPU.ActiveCfg = Debug|Any CPU
		{49B7146C-DBA4-4242-BDD8-D0407D709974}.Debug|Any CPU.Build.0 = Debug|Any CPU
		{49B7146C-DBA4-4242-BDD8-D0407D709974}.Release|Any CPU.ActiveCfg = Release|Any CPU
		{49B7146C-DBA4-4242-BDD8-D0407D709974}.Release|Any CPU.Build.0 = Release|Any CPU
	EndGlobalSection
	GlobalSection(SolutionProperties) = preSolution
		HideSolutionNode = FALSE
	EndGlobalSection
	GlobalSection(ExtensibilityGlobals) = postSolution
		SolutionGuid = {AD233029-F248-4ADB-A625-788E3934FC08}
	EndGlobalSection
EndGlobal
